// !$*UTF8*$!
{
	archiveVersion = 1;
	classes = {
	};
	objectVersion = 56;
	objects = {

/* Begin PBXBuildFile section */
		B4860AC02A98F3990008EFBE /* Core in Resources */ = {isa = PBXBuildFile; fileRef = B4860A862A98F3980008EFBE /* Core */; };
		B4860AC12A98F3990008EFBE /* Assets.xcassets in Resources */ = {isa = PBXBuildFile; fileRef = B4860A892A98F3980008EFBE /* Assets.xcassets */; };
		B4860AC22A98F3990008EFBE /* Preview Assets.xcassets in Resources */ = {isa = PBXBuildFile; fileRef = B4860A8B2A98F3980008EFBE /* Preview Assets.xcassets */; };
		B4860AC42A98F3990008EFBE /* SearchResult.swift in Sources */ = {isa = PBXBuildFile; fileRef = B4860A912A98F3980008EFBE /* SearchResult.swift */; };
		B4860AC52A98F3990008EFBE /* SearchResponse.swift in Sources */ = {isa = PBXBuildFile; fileRef = B4860A922A98F3980008EFBE /* SearchResponse.swift */; };
		B4860AC62A98F3990008EFBE /* search_response_mock.json in Resources */ = {isa = PBXBuildFile; fileRef = B4860A942A98F3980008EFBE /* search_response_mock.json */; };
		B4860AC72A98F3990008EFBE /* SearchResponse+Mock.swift in Sources */ = {isa = PBXBuildFile; fileRef = B4860A952A98F3980008EFBE /* SearchResponse+Mock.swift */; };
		B4860AC82A98F3990008EFBE /* DetailInformationSectionModel.swift in Sources */ = {isa = PBXBuildFile; fileRef = B4860A972A98F3980008EFBE /* DetailInformationSectionModel.swift */; };
		B4860AC92A98F3990008EFBE /* ShareItem.swift in Sources */ = {isa = PBXBuildFile; fileRef = B4860A982A98F3980008EFBE /* ShareItem.swift */; };
		B4860ACA2A98F3990008EFBE /* DetailDescriptionSectionModel.swift in Sources */ = {isa = PBXBuildFile; fileRef = B4860A992A98F3980008EFBE /* DetailDescriptionSectionModel.swift */; };
		B4860ACB2A98F3990008EFBE /* DetailReleaseNoteSectionModel.swift in Sources */ = {isa = PBXBuildFile; fileRef = B4860A9A2A98F3980008EFBE /* DetailReleaseNoteSectionModel.swift */; };
		B4860ACC2A98F3990008EFBE /* DetailHorizontalInfoSectionModel.swift in Sources */ = {isa = PBXBuildFile; fileRef = B4860A9B2A98F3980008EFBE /* DetailHorizontalInfoSectionModel.swift */; };
		B4860ACD2A98F3990008EFBE /* ScreenShots.swift in Sources */ = {isa = PBXBuildFile; fileRef = B4860A9C2A98F3980008EFBE /* ScreenShots.swift */; };
		B4860ACE2A98F3990008EFBE /* DetailHeaderSectionModel.swift in Sources */ = {isa = PBXBuildFile; fileRef = B4860A9D2A98F3980008EFBE /* DetailHeaderSectionModel.swift */; };
		B4860ACF2A98F3990008EFBE /* Carousel.swift in Sources */ = {isa = PBXBuildFile; fileRef = B4860AA02A98F3980008EFBE /* Carousel.swift */; };
		B4860AD02A98F3990008EFBE /* RemoteImage.swift in Sources */ = {isa = PBXBuildFile; fileRef = B4860AA12A98F3980008EFBE /* RemoteImage.swift */; };
		B4860AD12A98F3990008EFBE /* ExpandableTextView.swift in Sources */ = {isa = PBXBuildFile; fileRef = B4860AA22A98F3980008EFBE /* ExpandableTextView.swift */; };
		B4860AD22A98F3990008EFBE /* ActivityView.swift in Sources */ = {isa = PBXBuildFile; fileRef = B4860AA32A98F3980008EFBE /* ActivityView.swift */; };
		B4860AD32A98F3990008EFBE /* StarRatingView.swift in Sources */ = {isa = PBXBuildFile; fileRef = B4860AA42A98F3980008EFBE /* StarRatingView.swift */; };
		B4860AD42A98F3990008EFBE /* SearchView.swift in Sources */ = {isa = PBXBuildFile; fileRef = B4860AA62A98F3980008EFBE /* SearchView.swift */; };
		B4860AD52A98F3990008EFBE /* SearchResultView.swift in Sources */ = {isa = PBXBuildFile; fileRef = B4860AA72A98F3980008EFBE /* SearchResultView.swift */; };
		B4860AD62A98F3990008EFBE /* MainTabView.swift in Sources */ = {isa = PBXBuildFile; fileRef = B4860AA92A98F3980008EFBE /* MainTabView.swift */; };
		B4860AD72A98F3990008EFBE /* MainTab.swift in Sources */ = {isa = PBXBuildFile; fileRef = B4860AAA2A98F3980008EFBE /* MainTab.swift */; };
		B4860AD82A98F3990008EFBE /* DetailDescriptionSection.swift in Sources */ = {isa = PBXBuildFile; fileRef = B4860AAD2A98F3980008EFBE /* DetailDescriptionSection.swift */; };
		B4860AD92A98F3990008EFBE /* DetailReleaseNoteSection.swift in Sources */ = {isa = PBXBuildFile; fileRef = B4860AAE2A98F3980008EFBE /* DetailReleaseNoteSection.swift */; };
		B4860ADA2A98F3990008EFBE /* DetailHorizontalInfoSection.swift in Sources */ = {isa = PBXBuildFile; fileRef = B4860AAF2A98F3980008EFBE /* DetailHorizontalInfoSection.swift */; };
		B4860ADB2A98F3990008EFBE /* DetailScreenShotSection.swift in Sources */ = {isa = PBXBuildFile; fileRef = B4860AB02A98F3980008EFBE /* DetailScreenShotSection.swift */; };
		B4860ADC2A98F3990008EFBE /* DetailHeaderSection.swift in Sources */ = {isa = PBXBuildFile; fileRef = B4860AB12A98F3980008EFBE /* DetailHeaderSection.swift */; };
		B4860ADD2A98F3990008EFBE /* DetailInformationSection.swift in Sources */ = {isa = PBXBuildFile; fileRef = B4860AB22A98F3980008EFBE /* DetailInformationSection.swift */; };
		B4860ADE2A98F3990008EFBE /* AppDetailView.swift in Sources */ = {isa = PBXBuildFile; fileRef = B4860AB32A98F3980008EFBE /* AppDetailView.swift */; };
		B4860ADF2A98F3990008EFBE /* AppStoreSearchApp.swift in Sources */ = {isa = PBXBuildFile; fileRef = B4860AB52A98F3980008EFBE /* AppStoreSearchApp.swift */; };
		B4860AE02A98F3990008EFBE /* RemoteImageState.swift in Sources */ = {isa = PBXBuildFile; fileRef = B4860AB82A98F3980008EFBE /* RemoteImageState.swift */; };
		B4860AE12A98F3990008EFBE /* RemoteImageService.swift in Sources */ = {isa = PBXBuildFile; fileRef = B4860AB92A98F3980008EFBE /* RemoteImageService.swift */; };
		B4860AE22A98F3990008EFBE /* SearchEndpoint.swift in Sources */ = {isa = PBXBuildFile; fileRef = B4860ABB2A98F3980008EFBE /* SearchEndpoint.swift */; };
		B4860AE32A98F3990008EFBE /* SearchService.swift in Sources */ = {isa = PBXBuildFile; fileRef = B4860ABC2A98F3980008EFBE /* SearchService.swift */; };
		B4860AE42A98F3990008EFBE /* HistoryService.swift in Sources */ = {isa = PBXBuildFile; fileRef = B4860ABE2A98F3980008EFBE /* HistoryService.swift */; };
		B4860AE72A98F3B40008EFBE /* Core in Frameworks */ = {isa = PBXBuildFile; productRef = B4860AE62A98F3B40008EFBE /* Core */; };
		B4860AFC2A98F4280008EFBE /* NetworkTests.swift in Sources */ = {isa = PBXBuildFile; fileRef = B4860AFB2A98F4280008EFBE /* NetworkTests.swift */; };
		B4C0A7462A99D1C900F4DF67 /* SearchCore.swift in Sources */ = {isa = PBXBuildFile; fileRef = B4C0A7452A99D1C900F4DF67 /* SearchCore.swift */; };
/* End PBXBuildFile section */

/* Begin PBXContainerItemProxy section */
		B4860AF02A98F3E10008EFBE /* PBXContainerItemProxy */ = {
			isa = PBXContainerItemProxy;
			containerPortal = B4860A072A98F27A0008EFBE /* Project object */;
			proxyType = 1;
			remoteGlobalIDString = B4860A0E2A98F27A0008EFBE;
			remoteInfo = AppStoreSearch;
		};
		B4860AFD2A98F4280008EFBE /* PBXContainerItemProxy */ = {
			isa = PBXContainerItemProxy;
			containerPortal = B4860A072A98F27A0008EFBE /* Project object */;
			proxyType = 1;
			remoteGlobalIDString = B4860A0E2A98F27A0008EFBE;
			remoteInfo = AppStoreSearch;
		};
/* End PBXContainerItemProxy section */

/* Begin PBXFileReference section */
		B4860A0F2A98F27A0008EFBE /* AppStoreSearch.app */ = {isa = PBXFileReference; explicitFileType = wrapper.application; includeInIndex = 0; path = AppStoreSearch.app; sourceTree = BUILT_PRODUCTS_DIR; };
		B4860A862A98F3980008EFBE /* Core */ = {isa = PBXFileReference; lastKnownFileType = wrapper; path = Core; sourceTree = "<group>"; };
		B4860A892A98F3980008EFBE /* Assets.xcassets */ = {isa = PBXFileReference; lastKnownFileType = folder.assetcatalog; path = Assets.xcassets; sourceTree = "<group>"; };
		B4860A8B2A98F3980008EFBE /* Preview Assets.xcassets */ = {isa = PBXFileReference; lastKnownFileType = folder.assetcatalog; path = "Preview Assets.xcassets"; sourceTree = "<group>"; };
		B4860A912A98F3980008EFBE /* SearchResult.swift */ = {isa = PBXFileReference; fileEncoding = 4; lastKnownFileType = sourcecode.swift; path = SearchResult.swift; sourceTree = "<group>"; };
		B4860A922A98F3980008EFBE /* SearchResponse.swift */ = {isa = PBXFileReference; fileEncoding = 4; lastKnownFileType = sourcecode.swift; path = SearchResponse.swift; sourceTree = "<group>"; };
		B4860A942A98F3980008EFBE /* search_response_mock.json */ = {isa = PBXFileReference; fileEncoding = 4; lastKnownFileType = text.json; path = search_response_mock.json; sourceTree = "<group>"; };
		B4860A952A98F3980008EFBE /* SearchResponse+Mock.swift */ = {isa = PBXFileReference; fileEncoding = 4; lastKnownFileType = sourcecode.swift; path = "SearchResponse+Mock.swift"; sourceTree = "<group>"; };
		B4860A972A98F3980008EFBE /* DetailInformationSectionModel.swift */ = {isa = PBXFileReference; fileEncoding = 4; lastKnownFileType = sourcecode.swift; path = DetailInformationSectionModel.swift; sourceTree = "<group>"; };
		B4860A982A98F3980008EFBE /* ShareItem.swift */ = {isa = PBXFileReference; fileEncoding = 4; lastKnownFileType = sourcecode.swift; path = ShareItem.swift; sourceTree = "<group>"; };
		B4860A992A98F3980008EFBE /* DetailDescriptionSectionModel.swift */ = {isa = PBXFileReference; fileEncoding = 4; lastKnownFileType = sourcecode.swift; path = DetailDescriptionSectionModel.swift; sourceTree = "<group>"; };
		B4860A9A2A98F3980008EFBE /* DetailReleaseNoteSectionModel.swift */ = {isa = PBXFileReference; fileEncoding = 4; lastKnownFileType = sourcecode.swift; path = DetailReleaseNoteSectionModel.swift; sourceTree = "<group>"; };
		B4860A9B2A98F3980008EFBE /* DetailHorizontalInfoSectionModel.swift */ = {isa = PBXFileReference; fileEncoding = 4; lastKnownFileType = sourcecode.swift; path = DetailHorizontalInfoSectionModel.swift; sourceTree = "<group>"; };
		B4860A9C2A98F3980008EFBE /* ScreenShots.swift */ = {isa = PBXFileReference; fileEncoding = 4; lastKnownFileType = sourcecode.swift; path = ScreenShots.swift; sourceTree = "<group>"; };
		B4860A9D2A98F3980008EFBE /* DetailHeaderSectionModel.swift */ = {isa = PBXFileReference; fileEncoding = 4; lastKnownFileType = sourcecode.swift; path = DetailHeaderSectionModel.swift; sourceTree = "<group>"; };
		B4860AA02A98F3980008EFBE /* Carousel.swift */ = {isa = PBXFileReference; fileEncoding = 4; lastKnownFileType = sourcecode.swift; path = Carousel.swift; sourceTree = "<group>"; };
		B4860AA12A98F3980008EFBE /* RemoteImage.swift */ = {isa = PBXFileReference; fileEncoding = 4; lastKnownFileType = sourcecode.swift; path = RemoteImage.swift; sourceTree = "<group>"; };
		B4860AA22A98F3980008EFBE /* ExpandableTextView.swift */ = {isa = PBXFileReference; fileEncoding = 4; lastKnownFileType = sourcecode.swift; path = ExpandableTextView.swift; sourceTree = "<group>"; };
		B4860AA32A98F3980008EFBE /* ActivityView.swift */ = {isa = PBXFileReference; fileEncoding = 4; lastKnownFileType = sourcecode.swift; path = ActivityView.swift; sourceTree = "<group>"; };
		B4860AA42A98F3980008EFBE /* StarRatingView.swift */ = {isa = PBXFileReference; fileEncoding = 4; lastKnownFileType = sourcecode.swift; path = StarRatingView.swift; sourceTree = "<group>"; };
		B4860AA62A98F3980008EFBE /* SearchView.swift */ = {isa = PBXFileReference; fileEncoding = 4; lastKnownFileType = sourcecode.swift; path = SearchView.swift; sourceTree = "<group>"; };
		B4860AA72A98F3980008EFBE /* SearchResultView.swift */ = {isa = PBXFileReference; fileEncoding = 4; lastKnownFileType = sourcecode.swift; path = SearchResultView.swift; sourceTree = "<group>"; };
		B4860AA92A98F3980008EFBE /* MainTabView.swift */ = {isa = PBXFileReference; fileEncoding = 4; lastKnownFileType = sourcecode.swift; path = MainTabView.swift; sourceTree = "<group>"; };
		B4860AAA2A98F3980008EFBE /* MainTab.swift */ = {isa = PBXFileReference; fileEncoding = 4; lastKnownFileType = sourcecode.swift; path = MainTab.swift; sourceTree = "<group>"; };
		B4860AAD2A98F3980008EFBE /* DetailDescriptionSection.swift */ = {isa = PBXFileReference; fileEncoding = 4; lastKnownFileType = sourcecode.swift; path = DetailDescriptionSection.swift; sourceTree = "<group>"; };
		B4860AAE2A98F3980008EFBE /* DetailReleaseNoteSection.swift */ = {isa = PBXFileReference; fileEncoding = 4; lastKnownFileType = sourcecode.swift; path = DetailReleaseNoteSection.swift; sourceTree = "<group>"; };
		B4860AAF2A98F3980008EFBE /* DetailHorizontalInfoSection.swift */ = {isa = PBXFileReference; fileEncoding = 4; lastKnownFileType = sourcecode.swift; path = DetailHorizontalInfoSection.swift; sourceTree = "<group>"; };
		B4860AB02A98F3980008EFBE /* DetailScreenShotSection.swift */ = {isa = PBXFileReference; fileEncoding = 4; lastKnownFileType = sourcecode.swift; path = DetailScreenShotSection.swift; sourceTree = "<group>"; };
		B4860AB12A98F3980008EFBE /* DetailHeaderSection.swift */ = {isa = PBXFileReference; fileEncoding = 4; lastKnownFileType = sourcecode.swift; path = DetailHeaderSection.swift; sourceTree = "<group>"; };
		B4860AB22A98F3980008EFBE /* DetailInformationSection.swift */ = {isa = PBXFileReference; fileEncoding = 4; lastKnownFileType = sourcecode.swift; path = DetailInformationSection.swift; sourceTree = "<group>"; };
		B4860AB32A98F3980008EFBE /* AppDetailView.swift */ = {isa = PBXFileReference; fileEncoding = 4; lastKnownFileType = sourcecode.swift; path = AppDetailView.swift; sourceTree = "<group>"; };
		B4860AB52A98F3980008EFBE /* AppStoreSearchApp.swift */ = {isa = PBXFileReference; fileEncoding = 4; lastKnownFileType = sourcecode.swift; path = AppStoreSearchApp.swift; sourceTree = "<group>"; };
		B4860AB82A98F3980008EFBE /* RemoteImageState.swift */ = {isa = PBXFileReference; fileEncoding = 4; lastKnownFileType = sourcecode.swift; path = RemoteImageState.swift; sourceTree = "<group>"; };
		B4860AB92A98F3980008EFBE /* RemoteImageService.swift */ = {isa = PBXFileReference; fileEncoding = 4; lastKnownFileType = sourcecode.swift; path = RemoteImageService.swift; sourceTree = "<group>"; };
		B4860ABB2A98F3980008EFBE /* SearchEndpoint.swift */ = {isa = PBXFileReference; fileEncoding = 4; lastKnownFileType = sourcecode.swift; path = SearchEndpoint.swift; sourceTree = "<group>"; };
		B4860ABC2A98F3980008EFBE /* SearchService.swift */ = {isa = PBXFileReference; fileEncoding = 4; lastKnownFileType = sourcecode.swift; path = SearchService.swift; sourceTree = "<group>"; };
		B4860ABE2A98F3980008EFBE /* HistoryService.swift */ = {isa = PBXFileReference; fileEncoding = 4; lastKnownFileType = sourcecode.swift; path = HistoryService.swift; sourceTree = "<group>"; };
		B4860AEC2A98F3E00008EFBE /* AppStoreSearchTests.xctest */ = {isa = PBXFileReference; explicitFileType = wrapper.cfbundle; includeInIndex = 0; path = AppStoreSearchTests.xctest; sourceTree = BUILT_PRODUCTS_DIR; };
		B4860AF92A98F4280008EFBE /* NetworkTests.xctest */ = {isa = PBXFileReference; explicitFileType = wrapper.cfbundle; includeInIndex = 0; path = NetworkTests.xctest; sourceTree = BUILT_PRODUCTS_DIR; };
		B4860AFB2A98F4280008EFBE /* NetworkTests.swift */ = {isa = PBXFileReference; lastKnownFileType = sourcecode.swift; path = NetworkTests.swift; sourceTree = "<group>"; };
		B4C0A7452A99D1C900F4DF67 /* SearchCore.swift */ = {isa = PBXFileReference; lastKnownFileType = sourcecode.swift; path = SearchCore.swift; sourceTree = "<group>"; };
/* End PBXFileReference section */

/* Begin PBXFrameworksBuildPhase section */
		B4860A0C2A98F27A0008EFBE /* Frameworks */ = {
			isa = PBXFrameworksBuildPhase;
			buildActionMask = 2147483647;
			files = (
				B4860AE72A98F3B40008EFBE /* Core in Frameworks */,
			);
			runOnlyForDeploymentPostprocessing = 0;
		};
		B4860AE92A98F3E00008EFBE /* Frameworks */ = {
			isa = PBXFrameworksBuildPhase;
			buildActionMask = 2147483647;
			files = (
			);
			runOnlyForDeploymentPostprocessing = 0;
		};
		B4860AF62A98F4280008EFBE /* Frameworks */ = {
			isa = PBXFrameworksBuildPhase;
			buildActionMask = 2147483647;
			files = (
			);
			runOnlyForDeploymentPostprocessing = 0;
		};
/* End PBXFrameworksBuildPhase section */

/* Begin PBXGroup section */
		B4860A062A98F27A0008EFBE = {
			isa = PBXGroup;
			children = (
				B4860A872A98F3980008EFBE /* AppStoreSearch */,
				B4860A862A98F3980008EFBE /* Core */,
				B4860AFA2A98F4280008EFBE /* NetworkTests */,
				B4860A102A98F27A0008EFBE /* Products */,
				B4860AE52A98F3B40008EFBE /* Frameworks */,
			);
			sourceTree = "<group>";
		};
		B4860A102A98F27A0008EFBE /* Products */ = {
			isa = PBXGroup;
			children = (
				B4860A0F2A98F27A0008EFBE /* AppStoreSearch.app */,
				B4860AEC2A98F3E00008EFBE /* AppStoreSearchTests.xctest */,
				B4860AF92A98F4280008EFBE /* NetworkTests.xctest */,
			);
			name = Products;
			sourceTree = "<group>";
		};
		B4860A872A98F3980008EFBE /* AppStoreSearch */ = {
			isa = PBXGroup;
			children = (
				B4860A8C2A98F3980008EFBE /* Sources */,
				B4860A882A98F3980008EFBE /* Resources */,
				B4860A8A2A98F3980008EFBE /* Preview Content */,
			);
			path = AppStoreSearch;
			sourceTree = "<group>";
		};
		B4860A882A98F3980008EFBE /* Resources */ = {
			isa = PBXGroup;
			children = (
				B4860A892A98F3980008EFBE /* Assets.xcassets */,
			);
			path = Resources;
			sourceTree = "<group>";
		};
		B4860A8A2A98F3980008EFBE /* Preview Content */ = {
			isa = PBXGroup;
			children = (
				B4860A8B2A98F3980008EFBE /* Preview Assets.xcassets */,
			);
			path = "Preview Content";
			sourceTree = "<group>";
		};
		B4860A8C2A98F3980008EFBE /* Sources */ = {
			isa = PBXGroup;
			children = (
				B4860AB42A98F3980008EFBE /* Application */,
				B4C0A7432A99D18100F4DF67 /* Feature */,
				B4860A8E2A98F3980008EFBE /* Model */,
				B4860A9E2A98F3980008EFBE /* View */,
				B4860AB62A98F3980008EFBE /* Service */,
			);
			path = Sources;
			sourceTree = "<group>";
		};
		B4860A8E2A98F3980008EFBE /* Model */ = {
			isa = PBXGroup;
			children = (
				B4860A902A98F3980008EFBE /* Response */,
				B4860A962A98F3980008EFBE /* Presentation */,
				B4860A932A98F3980008EFBE /* Mock */,
			);
			path = Model;
			sourceTree = "<group>";
		};
		B4860A902A98F3980008EFBE /* Response */ = {
			isa = PBXGroup;
			children = (
				B4860A922A98F3980008EFBE /* SearchResponse.swift */,
				B4860A912A98F3980008EFBE /* SearchResult.swift */,
			);
			path = Response;
			sourceTree = "<group>";
		};
		B4860A932A98F3980008EFBE /* Mock */ = {
			isa = PBXGroup;
			children = (
				B4860A942A98F3980008EFBE /* search_response_mock.json */,
				B4860A952A98F3980008EFBE /* SearchResponse+Mock.swift */,
			);
			path = Mock;
			sourceTree = "<group>";
		};
		B4860A962A98F3980008EFBE /* Presentation */ = {
			isa = PBXGroup;
			children = (
				B4860A992A98F3980008EFBE /* DetailDescriptionSectionModel.swift */,
				B4860A9D2A98F3980008EFBE /* DetailHeaderSectionModel.swift */,
				B4860A9B2A98F3980008EFBE /* DetailHorizontalInfoSectionModel.swift */,
				B4860A972A98F3980008EFBE /* DetailInformationSectionModel.swift */,
				B4860A9A2A98F3980008EFBE /* DetailReleaseNoteSectionModel.swift */,
				B4860A9C2A98F3980008EFBE /* ScreenShots.swift */,
				B4860A982A98F3980008EFBE /* ShareItem.swift */,
			);
			path = Presentation;
			sourceTree = "<group>";
		};
		B4860A9E2A98F3980008EFBE /* View */ = {
			isa = PBXGroup;
			children = (
				B4860A9F2A98F3980008EFBE /* Component */,
			);
			path = View;
			sourceTree = "<group>";
		};
		B4860A9F2A98F3980008EFBE /* Component */ = {
			isa = PBXGroup;
			children = (
				B4860AA32A98F3980008EFBE /* ActivityView.swift */,
				B4860AA02A98F3980008EFBE /* Carousel.swift */,
				B4860AA22A98F3980008EFBE /* ExpandableTextView.swift */,
				B4860AA12A98F3980008EFBE /* RemoteImage.swift */,
				B4860AA42A98F3980008EFBE /* StarRatingView.swift */,
			);
			path = Component;
			sourceTree = "<group>";
		};
		B4860AAB2A98F3980008EFBE /* Detail */ = {
			isa = PBXGroup;
			children = (
				B4860AAC2A98F3980008EFBE /* Section */,
				B4860AB32A98F3980008EFBE /* AppDetailView.swift */,
			);
			path = Detail;
			sourceTree = "<group>";
		};
		B4860AAC2A98F3980008EFBE /* Section */ = {
			isa = PBXGroup;
			children = (
				B4860AAD2A98F3980008EFBE /* DetailDescriptionSection.swift */,
				B4860AAE2A98F3980008EFBE /* DetailReleaseNoteSection.swift */,
				B4860AAF2A98F3980008EFBE /* DetailHorizontalInfoSection.swift */,
				B4860AB02A98F3980008EFBE /* DetailScreenShotSection.swift */,
				B4860AB12A98F3980008EFBE /* DetailHeaderSection.swift */,
				B4860AB22A98F3980008EFBE /* DetailInformationSection.swift */,
			);
			path = Section;
			sourceTree = "<group>";
		};
		B4860AB42A98F3980008EFBE /* Application */ = {
			isa = PBXGroup;
			children = (
				B4860AB52A98F3980008EFBE /* AppStoreSearchApp.swift */,
			);
			path = Application;
			sourceTree = "<group>";
		};
		B4860AB62A98F3980008EFBE /* Service */ = {
			isa = PBXGroup;
			children = (
				B4860ABA2A98F3980008EFBE /* Search */,
				B4860ABD2A98F3980008EFBE /* History */,
				B4860AB72A98F3980008EFBE /* Image */,
			);
			path = Service;
			sourceTree = "<group>";
		};
		B4860AB72A98F3980008EFBE /* Image */ = {
			isa = PBXGroup;
			children = (
				B4860AB82A98F3980008EFBE /* RemoteImageState.swift */,
				B4860AB92A98F3980008EFBE /* RemoteImageService.swift */,
			);
			path = Image;
			sourceTree = "<group>";
		};
		B4860ABA2A98F3980008EFBE /* Search */ = {
			isa = PBXGroup;
			children = (
				B4860ABB2A98F3980008EFBE /* SearchEndpoint.swift */,
				B4860ABC2A98F3980008EFBE /* SearchService.swift */,
			);
			path = Search;
			sourceTree = "<group>";
		};
		B4860ABD2A98F3980008EFBE /* History */ = {
			isa = PBXGroup;
			children = (
				B4860ABE2A98F3980008EFBE /* HistoryService.swift */,
			);
			path = History;
			sourceTree = "<group>";
		};
		B4860AE52A98F3B40008EFBE /* Frameworks */ = {
			isa = PBXGroup;
			children = (
			);
			name = Frameworks;
			sourceTree = "<group>";
		};
		B4860AFA2A98F4280008EFBE /* NetworkTests */ = {
			isa = PBXGroup;
			children = (
				B4860AFB2A98F4280008EFBE /* NetworkTests.swift */,
			);
			path = NetworkTests;
			sourceTree = "<group>";
		};
		B4C0A7432A99D18100F4DF67 /* Feature */ = {
			isa = PBXGroup;
			children = (
				B4C0A7492A99F97B00F4DF67 /* TabView */,
				B4C0A7442A99D19B00F4DF67 /* Search */,
			);
			path = Feature;
			sourceTree = "<group>";
		};
		B4C0A7442A99D19B00F4DF67 /* Search */ = {
			isa = PBXGroup;
			children = (
				B4C0A7452A99D1C900F4DF67 /* SearchCore.swift */,
				B4860AA72A98F3980008EFBE /* SearchResultView.swift */,
				B4860AA62A98F3980008EFBE /* SearchView.swift */,
				B4860AAB2A98F3980008EFBE /* Detail */,
			);
			path = Search;
			sourceTree = "<group>";
		};
		B4C0A7492A99F97B00F4DF67 /* TabView */ = {
			isa = PBXGroup;
			children = (
				B4860AA92A98F3980008EFBE /* MainTabView.swift */,
				B4860AAA2A98F3980008EFBE /* MainTab.swift */,
			);
			path = TabView;
			sourceTree = "<group>";
		};
/* End PBXGroup section */

/* Begin PBXNativeTarget section */
		B4860A0E2A98F27A0008EFBE /* AppStoreSearch */ = {
			isa = PBXNativeTarget;
			buildConfigurationList = B4860A1D2A98F27C0008EFBE /* Build configuration list for PBXNativeTarget "AppStoreSearch" */;
			buildPhases = (
				B4860A0B2A98F27A0008EFBE /* Sources */,
				B4860A0C2A98F27A0008EFBE /* Frameworks */,
				B4860A0D2A98F27A0008EFBE /* Resources */,
			);
			buildRules = (
			);
			dependencies = (
			);
			name = AppStoreSearch;
			packageProductDependencies = (
				B4860AE62A98F3B40008EFBE /* Core */,
			);
			productName = AppStoreSearch;
			productReference = B4860A0F2A98F27A0008EFBE /* AppStoreSearch.app */;
			productType = "com.apple.product-type.application";
		};
		B4860AEB2A98F3E00008EFBE /* AppStoreSearchTests */ = {
			isa = PBXNativeTarget;
			buildConfigurationList = B4860AF22A98F3E10008EFBE /* Build configuration list for PBXNativeTarget "AppStoreSearchTests" */;
			buildPhases = (
				B4860AE82A98F3E00008EFBE /* Sources */,
				B4860AE92A98F3E00008EFBE /* Frameworks */,
				B4860AEA2A98F3E00008EFBE /* Resources */,
			);
			buildRules = (
			);
			dependencies = (
				B4860AF12A98F3E10008EFBE /* PBXTargetDependency */,
			);
			name = AppStoreSearchTests;
			productName = AppStoreSearchTests;
			productReference = B4860AEC2A98F3E00008EFBE /* AppStoreSearchTests.xctest */;
			productType = "com.apple.product-type.bundle.unit-test";
		};
		B4860AF82A98F4280008EFBE /* NetworkTests */ = {
			isa = PBXNativeTarget;
			buildConfigurationList = B4860AFF2A98F4290008EFBE /* Build configuration list for PBXNativeTarget "NetworkTests" */;
			buildPhases = (
				B4860AF52A98F4280008EFBE /* Sources */,
				B4860AF62A98F4280008EFBE /* Frameworks */,
				B4860AF72A98F4280008EFBE /* Resources */,
			);
			buildRules = (
			);
			dependencies = (
				B4860AFE2A98F4280008EFBE /* PBXTargetDependency */,
			);
			name = NetworkTests;
			productName = NetworkTests;
			productReference = B4860AF92A98F4280008EFBE /* NetworkTests.xctest */;
			productType = "com.apple.product-type.bundle.unit-test";
		};
/* End PBXNativeTarget section */

/* Begin PBXProject section */
		B4860A072A98F27A0008EFBE /* Project object */ = {
			isa = PBXProject;
			attributes = {
				BuildIndependentTargetsInParallel = 1;
				LastSwiftUpdateCheck = 1430;
				LastUpgradeCheck = 1430;
				TargetAttributes = {
					B4860A0E2A98F27A0008EFBE = {
						CreatedOnToolsVersion = 14.3;
					};
					B4860AEB2A98F3E00008EFBE = {
						CreatedOnToolsVersion = 14.3;
						TestTargetID = B4860A0E2A98F27A0008EFBE;
					};
					B4860AF82A98F4280008EFBE = {
						CreatedOnToolsVersion = 14.3;
						TestTargetID = B4860A0E2A98F27A0008EFBE;
					};
				};
			};
			buildConfigurationList = B4860A0A2A98F27A0008EFBE /* Build configuration list for PBXProject "AppStoreSearch" */;
			compatibilityVersion = "Xcode 14.0";
			developmentRegion = en;
			hasScannedForEncodings = 0;
			knownRegions = (
				en,
				Base,
			);
			mainGroup = B4860A062A98F27A0008EFBE;
			productRefGroup = B4860A102A98F27A0008EFBE /* Products */;
			projectDirPath = "";
			projectRoot = "";
			targets = (
				B4860A0E2A98F27A0008EFBE /* AppStoreSearch */,
				B4860AEB2A98F3E00008EFBE /* AppStoreSearchTests */,
				B4860AF82A98F4280008EFBE /* NetworkTests */,
			);
		};
/* End PBXProject section */

/* Begin PBXResourcesBuildPhase section */
		B4860A0D2A98F27A0008EFBE /* Resources */ = {
			isa = PBXResourcesBuildPhase;
			buildActionMask = 2147483647;
			files = (
				B4860AC12A98F3990008EFBE /* Assets.xcassets in Resources */,
				B4860AC22A98F3990008EFBE /* Preview Assets.xcassets in Resources */,
				B4860AC62A98F3990008EFBE /* search_response_mock.json in Resources */,
				B4860AC02A98F3990008EFBE /* Core in Resources */,
			);
			runOnlyForDeploymentPostprocessing = 0;
		};
		B4860AEA2A98F3E00008EFBE /* Resources */ = {
			isa = PBXResourcesBuildPhase;
			buildActionMask = 2147483647;
			files = (
			);
			runOnlyForDeploymentPostprocessing = 0;
		};
		B4860AF72A98F4280008EFBE /* Resources */ = {
			isa = PBXResourcesBuildPhase;
			buildActionMask = 2147483647;
			files = (
			);
			runOnlyForDeploymentPostprocessing = 0;
		};
/* End PBXResourcesBuildPhase section */

/* Begin PBXSourcesBuildPhase section */
		B4860A0B2A98F27A0008EFBE /* Sources */ = {
			isa = PBXSourcesBuildPhase;
			buildActionMask = 2147483647;
			files = (
				B4860AD32A98F3990008EFBE /* StarRatingView.swift in Sources */,
				B4860ADE2A98F3990008EFBE /* AppDetailView.swift in Sources */,
				B4860ADB2A98F3990008EFBE /* DetailScreenShotSection.swift in Sources */,
				B4860AE32A98F3990008EFBE /* SearchService.swift in Sources */,
				B4C0A7462A99D1C900F4DF67 /* SearchCore.swift in Sources */,
				B4860ACB2A98F3990008EFBE /* DetailReleaseNoteSectionModel.swift in Sources */,
				B4860AD12A98F3990008EFBE /* ExpandableTextView.swift in Sources */,
				B4860ADD2A98F3990008EFBE /* DetailInformationSection.swift in Sources */,
				B4860AE22A98F3990008EFBE /* SearchEndpoint.swift in Sources */,
				B4860AE42A98F3990008EFBE /* HistoryService.swift in Sources */,
				B4860ADF2A98F3990008EFBE /* AppStoreSearchApp.swift in Sources */,
				B4860AD52A98F3990008EFBE /* SearchResultView.swift in Sources */,
				B4860AC52A98F3990008EFBE /* SearchResponse.swift in Sources */,
				B4860AD82A98F3990008EFBE /* DetailDescriptionSection.swift in Sources */,
				B4860ACF2A98F3990008EFBE /* Carousel.swift in Sources */,
				B4860AD72A98F3990008EFBE /* MainTab.swift in Sources */,
				B4860ADC2A98F3990008EFBE /* DetailHeaderSection.swift in Sources */,
				B4860AE02A98F3990008EFBE /* RemoteImageState.swift in Sources */,
				B4860AE12A98F3990008EFBE /* RemoteImageService.swift in Sources */,
				B4860AD22A98F3990008EFBE /* ActivityView.swift in Sources */,
				B4860ACE2A98F3990008EFBE /* DetailHeaderSectionModel.swift in Sources */,
				B4860AD92A98F3990008EFBE /* DetailReleaseNoteSection.swift in Sources */,
				B4860AC42A98F3990008EFBE /* SearchResult.swift in Sources */,
				B4860ACA2A98F3990008EFBE /* DetailDescriptionSectionModel.swift in Sources */,
				B4860AD42A98F3990008EFBE /* SearchView.swift in Sources */,
				B4860AC92A98F3990008EFBE /* ShareItem.swift in Sources */,
				B4860AD02A98F3990008EFBE /* RemoteImage.swift in Sources */,
				B4860AC72A98F3990008EFBE /* SearchResponse+Mock.swift in Sources */,
				B4860ACD2A98F3990008EFBE /* ScreenShots.swift in Sources */,
				B4860ACC2A98F3990008EFBE /* DetailHorizontalInfoSectionModel.swift in Sources */,
				B4860AC82A98F3990008EFBE /* DetailInformationSectionModel.swift in Sources */,
				B4860ADA2A98F3990008EFBE /* DetailHorizontalInfoSection.swift in Sources */,
				B4860AD62A98F3990008EFBE /* MainTabView.swift in Sources */,
			);
			runOnlyForDeploymentPostprocessing = 0;
		};
		B4860AE82A98F3E00008EFBE /* Sources */ = {
			isa = PBXSourcesBuildPhase;
			buildActionMask = 2147483647;
			files = (
			);
			runOnlyForDeploymentPostprocessing = 0;
		};
		B4860AF52A98F4280008EFBE /* Sources */ = {
			isa = PBXSourcesBuildPhase;
			buildActionMask = 2147483647;
			files = (
				B4860AFC2A98F4280008EFBE /* NetworkTests.swift in Sources */,
			);
			runOnlyForDeploymentPostprocessing = 0;
		};
/* End PBXSourcesBuildPhase section */

/* Begin PBXTargetDependency section */
		B4860AF12A98F3E10008EFBE /* PBXTargetDependency */ = {
			isa = PBXTargetDependency;
			target = B4860A0E2A98F27A0008EFBE /* AppStoreSearch */;
			targetProxy = B4860AF02A98F3E10008EFBE /* PBXContainerItemProxy */;
		};
		B4860AFE2A98F4280008EFBE /* PBXTargetDependency */ = {
			isa = PBXTargetDependency;
			target = B4860A0E2A98F27A0008EFBE /* AppStoreSearch */;
			targetProxy = B4860AFD2A98F4280008EFBE /* PBXContainerItemProxy */;
		};
/* End PBXTargetDependency section */

/* Begin XCBuildConfiguration section */
		B4860A1B2A98F27C0008EFBE /* Debug */ = {
			isa = XCBuildConfiguration;
			buildSettings = {
				ALWAYS_SEARCH_USER_PATHS = NO;
				CLANG_ANALYZER_NONNULL = YES;
				CLANG_ANALYZER_NUMBER_OBJECT_CONVERSION = YES_AGGRESSIVE;
				CLANG_CXX_LANGUAGE_STANDARD = "gnu++20";
				CLANG_ENABLE_MODULES = YES;
				CLANG_ENABLE_OBJC_ARC = YES;
				CLANG_ENABLE_OBJC_WEAK = YES;
				CLANG_WARN_BLOCK_CAPTURE_AUTORELEASING = YES;
				CLANG_WARN_BOOL_CONVERSION = YES;
				CLANG_WARN_COMMA = YES;
				CLANG_WARN_CONSTANT_CONVERSION = YES;
				CLANG_WARN_DEPRECATED_OBJC_IMPLEMENTATIONS = YES;
				CLANG_WARN_DIRECT_OBJC_ISA_USAGE = YES_ERROR;
				CLANG_WARN_DOCUMENTATION_COMMENTS = YES;
				CLANG_WARN_EMPTY_BODY = YES;
				CLANG_WARN_ENUM_CONVERSION = YES;
				CLANG_WARN_INFINITE_RECURSION = YES;
				CLANG_WARN_INT_CONVERSION = YES;
				CLANG_WARN_NON_LITERAL_NULL_CONVERSION = YES;
				CLANG_WARN_OBJC_IMPLICIT_RETAIN_SELF = YES;
				CLANG_WARN_OBJC_LITERAL_CONVERSION = YES;
				CLANG_WARN_OBJC_ROOT_CLASS = YES_ERROR;
				CLANG_WARN_QUOTED_INCLUDE_IN_FRAMEWORK_HEADER = YES;
				CLANG_WARN_RANGE_LOOP_ANALYSIS = YES;
				CLANG_WARN_STRICT_PROTOTYPES = YES;
				CLANG_WARN_SUSPICIOUS_MOVE = YES;
				CLANG_WARN_UNGUARDED_AVAILABILITY = YES_AGGRESSIVE;
				CLANG_WARN_UNREACHABLE_CODE = YES;
				CLANG_WARN__DUPLICATE_METHOD_MATCH = YES;
				COPY_PHASE_STRIP = NO;
				DEBUG_INFORMATION_FORMAT = dwarf;
				ENABLE_STRICT_OBJC_MSGSEND = YES;
				ENABLE_TESTABILITY = YES;
				GCC_C_LANGUAGE_STANDARD = gnu11;
				GCC_DYNAMIC_NO_PIC = NO;
				GCC_NO_COMMON_BLOCKS = YES;
				GCC_OPTIMIZATION_LEVEL = 0;
				GCC_PREPROCESSOR_DEFINITIONS = (
					"DEBUG=1",
					"$(inherited)",
				);
				GCC_WARN_64_TO_32_BIT_CONVERSION = YES;
				GCC_WARN_ABOUT_RETURN_TYPE = YES_ERROR;
				GCC_WARN_UNDECLARED_SELECTOR = YES;
				GCC_WARN_UNINITIALIZED_AUTOS = YES_AGGRESSIVE;
				GCC_WARN_UNUSED_FUNCTION = YES;
				GCC_WARN_UNUSED_VARIABLE = YES;
				IPHONEOS_DEPLOYMENT_TARGET = 16.4;
				MTL_ENABLE_DEBUG_INFO = INCLUDE_SOURCE;
				MTL_FAST_MATH = YES;
				ONLY_ACTIVE_ARCH = YES;
				SDKROOT = iphoneos;
				SWIFT_ACTIVE_COMPILATION_CONDITIONS = DEBUG;
				SWIFT_OPTIMIZATION_LEVEL = "-Onone";
			};
			name = Debug;
		};
		B4860A1C2A98F27C0008EFBE /* Release */ = {
			isa = XCBuildConfiguration;
			buildSettings = {
				ALWAYS_SEARCH_USER_PATHS = NO;
				CLANG_ANALYZER_NONNULL = YES;
				CLANG_ANALYZER_NUMBER_OBJECT_CONVERSION = YES_AGGRESSIVE;
				CLANG_CXX_LANGUAGE_STANDARD = "gnu++20";
				CLANG_ENABLE_MODULES = YES;
				CLANG_ENABLE_OBJC_ARC = YES;
				CLANG_ENABLE_OBJC_WEAK = YES;
				CLANG_WARN_BLOCK_CAPTURE_AUTORELEASING = YES;
				CLANG_WARN_BOOL_CONVERSION = YES;
				CLANG_WARN_COMMA = YES;
				CLANG_WARN_CONSTANT_CONVERSION = YES;
				CLANG_WARN_DEPRECATED_OBJC_IMPLEMENTATIONS = YES;
				CLANG_WARN_DIRECT_OBJC_ISA_USAGE = YES_ERROR;
				CLANG_WARN_DOCUMENTATION_COMMENTS = YES;
				CLANG_WARN_EMPTY_BODY = YES;
				CLANG_WARN_ENUM_CONVERSION = YES;
				CLANG_WARN_INFINITE_RECURSION = YES;
				CLANG_WARN_INT_CONVERSION = YES;
				CLANG_WARN_NON_LITERAL_NULL_CONVERSION = YES;
				CLANG_WARN_OBJC_IMPLICIT_RETAIN_SELF = YES;
				CLANG_WARN_OBJC_LITERAL_CONVERSION = YES;
				CLANG_WARN_OBJC_ROOT_CLASS = YES_ERROR;
				CLANG_WARN_QUOTED_INCLUDE_IN_FRAMEWORK_HEADER = YES;
				CLANG_WARN_RANGE_LOOP_ANALYSIS = YES;
				CLANG_WARN_STRICT_PROTOTYPES = YES;
				CLANG_WARN_SUSPICIOUS_MOVE = YES;
				CLANG_WARN_UNGUARDED_AVAILABILITY = YES_AGGRESSIVE;
				CLANG_WARN_UNREACHABLE_CODE = YES;
				CLANG_WARN__DUPLICATE_METHOD_MATCH = YES;
				COPY_PHASE_STRIP = NO;
				DEBUG_INFORMATION_FORMAT = "dwarf-with-dsym";
				ENABLE_NS_ASSERTIONS = NO;
				ENABLE_STRICT_OBJC_MSGSEND = YES;
				GCC_C_LANGUAGE_STANDARD = gnu11;
				GCC_NO_COMMON_BLOCKS = YES;
				GCC_WARN_64_TO_32_BIT_CONVERSION = YES;
				GCC_WARN_ABOUT_RETURN_TYPE = YES_ERROR;
				GCC_WARN_UNDECLARED_SELECTOR = YES;
				GCC_WARN_UNINITIALIZED_AUTOS = YES_AGGRESSIVE;
				GCC_WARN_UNUSED_FUNCTION = YES;
				GCC_WARN_UNUSED_VARIABLE = YES;
				IPHONEOS_DEPLOYMENT_TARGET = 16.4;
				MTL_ENABLE_DEBUG_INFO = NO;
				MTL_FAST_MATH = YES;
				SDKROOT = iphoneos;
				SWIFT_COMPILATION_MODE = wholemodule;
				SWIFT_OPTIMIZATION_LEVEL = "-O";
				VALIDATE_PRODUCT = YES;
			};
			name = Release;
		};
		B4860A1E2A98F27C0008EFBE /* Debug */ = {
			isa = XCBuildConfiguration;
			buildSettings = {
				ASSETCATALOG_COMPILER_APPICON_NAME = AppIcon;
				ASSETCATALOG_COMPILER_GLOBAL_ACCENT_COLOR_NAME = AccentColor;
				CODE_SIGN_STYLE = Automatic;
				CURRENT_PROJECT_VERSION = 1;
				DEVELOPMENT_ASSET_PATHS = "\"AppStoreSearch/Preview Content\"";
				DEVELOPMENT_TEAM = TZ3VZ8CUCV;
				ENABLE_PREVIEWS = YES;
				GENERATE_INFOPLIST_FILE = YES;
				INFOPLIST_KEY_UIApplicationSceneManifest_Generation = YES;
				INFOPLIST_KEY_UIApplicationSupportsIndirectInputEvents = YES;
				INFOPLIST_KEY_UILaunchScreen_Generation = YES;
				INFOPLIST_KEY_UISupportedInterfaceOrientations_iPad = "UIInterfaceOrientationPortrait UIInterfaceOrientationPortraitUpsideDown UIInterfaceOrientationLandscapeLeft UIInterfaceOrientationLandscapeRight";
				INFOPLIST_KEY_UISupportedInterfaceOrientations_iPhone = "UIInterfaceOrientationPortrait UIInterfaceOrientationLandscapeLeft UIInterfaceOrientationLandscapeRight";
				LD_RUNPATH_SEARCH_PATHS = (
					"$(inherited)",
					"@executable_path/Frameworks",
				);
				MARKETING_VERSION = 1.0;
				PRODUCT_BUNDLE_IDENTIFIER = com.masonkim.AppStoreSearch;
				PRODUCT_NAME = "$(TARGET_NAME)";
				SWIFT_EMIT_LOC_STRINGS = YES;
				SWIFT_VERSION = 5.0;
				TARGETED_DEVICE_FAMILY = "1,2";
			};
			name = Debug;
		};
		B4860A1F2A98F27C0008EFBE /* Release */ = {
			isa = XCBuildConfiguration;
			buildSettings = {
				ASSETCATALOG_COMPILER_APPICON_NAME = AppIcon;
				ASSETCATALOG_COMPILER_GLOBAL_ACCENT_COLOR_NAME = AccentColor;
				CODE_SIGN_STYLE = Automatic;
				CURRENT_PROJECT_VERSION = 1;
				DEVELOPMENT_ASSET_PATHS = "\"AppStoreSearch/Preview Content\"";
				DEVELOPMENT_TEAM = TZ3VZ8CUCV;
				ENABLE_PREVIEWS = YES;
				GENERATE_INFOPLIST_FILE = YES;
				INFOPLIST_KEY_UIApplicationSceneManifest_Generation = YES;
				INFOPLIST_KEY_UIApplicationSupportsIndirectInputEvents = YES;
				INFOPLIST_KEY_UILaunchScreen_Generation = YES;
				INFOPLIST_KEY_UISupportedInterfaceOrientations_iPad = "UIInterfaceOrientationPortrait UIInterfaceOrientationPortraitUpsideDown UIInterfaceOrientationLandscapeLeft UIInterfaceOrientationLandscapeRight";
				INFOPLIST_KEY_UISupportedInterfaceOrientations_iPhone = "UIInterfaceOrientationPortrait UIInterfaceOrientationLandscapeLeft UIInterfaceOrientationLandscapeRight";
				LD_RUNPATH_SEARCH_PATHS = (
					"$(inherited)",
					"@executable_path/Frameworks",
				);
				MARKETING_VERSION = 1.0;
				PRODUCT_BUNDLE_IDENTIFIER = com.masonkim.AppStoreSearch;
				PRODUCT_NAME = "$(TARGET_NAME)";
				SWIFT_EMIT_LOC_STRINGS = YES;
				SWIFT_VERSION = 5.0;
				TARGETED_DEVICE_FAMILY = "1,2";
			};
			name = Release;
		};
		B4860AF32A98F3E10008EFBE /* Debug */ = {
			isa = XCBuildConfiguration;
			buildSettings = {
				BUNDLE_LOADER = "$(TEST_HOST)";
				CODE_SIGN_STYLE = Automatic;
				CURRENT_PROJECT_VERSION = 1;
				DEVELOPMENT_TEAM = TZ3VZ8CUCV;
				GENERATE_INFOPLIST_FILE = YES;
				MARKETING_VERSION = 1.0;
				PRODUCT_BUNDLE_IDENTIFIER = com.masonkim.AppStoreSearchTests;
				PRODUCT_NAME = "$(TARGET_NAME)";
				SWIFT_EMIT_LOC_STRINGS = NO;
				SWIFT_VERSION = 5.0;
				TARGETED_DEVICE_FAMILY = "1,2";
				TEST_HOST = "$(BUILT_PRODUCTS_DIR)/AppStoreSearch.app/$(BUNDLE_EXECUTABLE_FOLDER_PATH)/AppStoreSearch";
			};
			name = Debug;
		};
		B4860AF42A98F3E10008EFBE /* Release */ = {
			isa = XCBuildConfiguration;
			buildSettings = {
				BUNDLE_LOADER = "$(TEST_HOST)";
				CODE_SIGN_STYLE = Automatic;
				CURRENT_PROJECT_VERSION = 1;
				DEVELOPMENT_TEAM = TZ3VZ8CUCV;
				GENERATE_INFOPLIST_FILE = YES;
				MARKETING_VERSION = 1.0;
				PRODUCT_BUNDLE_IDENTIFIER = com.masonkim.AppStoreSearchTests;
				PRODUCT_NAME = "$(TARGET_NAME)";
				SWIFT_EMIT_LOC_STRINGS = NO;
				SWIFT_VERSION = 5.0;
				TARGETED_DEVICE_FAMILY = "1,2";
				TEST_HOST = "$(BUILT_PRODUCTS_DIR)/AppStoreSearch.app/$(BUNDLE_EXECUTABLE_FOLDER_PATH)/AppStoreSearch";
			};
			name = Release;
		};
		B4860B002A98F4290008EFBE /* Debug */ = {
			isa = XCBuildConfiguration;
			buildSettings = {
				BUNDLE_LOADER = "$(TEST_HOST)";
				CODE_SIGN_STYLE = Automatic;
				CURRENT_PROJECT_VERSION = 1;
				DEVELOPMENT_TEAM = TZ3VZ8CUCV;
				GENERATE_INFOPLIST_FILE = YES;
				MARKETING_VERSION = 1.0;
				PRODUCT_BUNDLE_IDENTIFIER = com.masonkim.NetworkTests;
				PRODUCT_NAME = "$(TARGET_NAME)";
				SWIFT_EMIT_LOC_STRINGS = NO;
				SWIFT_VERSION = 5.0;
				TARGETED_DEVICE_FAMILY = "1,2";
				TEST_HOST = "$(BUILT_PRODUCTS_DIR)/AppStoreSearch.app/$(BUNDLE_EXECUTABLE_FOLDER_PATH)/AppStoreSearch";
			};
			name = Debug;
		};
		B4860B012A98F4290008EFBE /* Release */ = {
			isa = XCBuildConfiguration;
			buildSettings = {
				BUNDLE_LOADER = "$(TEST_HOST)";
				CODE_SIGN_STYLE = Automatic;
				CURRENT_PROJECT_VERSION = 1;
				DEVELOPMENT_TEAM = TZ3VZ8CUCV;
				GENERATE_INFOPLIST_FILE = YES;
				MARKETING_VERSION = 1.0;
				PRODUCT_BUNDLE_IDENTIFIER = com.masonkim.NetworkTests;
				PRODUCT_NAME = "$(TARGET_NAME)";
				SWIFT_EMIT_LOC_STRINGS = NO;
				SWIFT_VERSION = 5.0;
				TARGETED_DEVICE_FAMILY = "1,2";
				TEST_HOST = "$(BUILT_PRODUCTS_DIR)/AppStoreSearch.app/$(BUNDLE_EXECUTABLE_FOLDER_PATH)/AppStoreSearch";
			};
			name = Release;
		};
/* End XCBuildConfiguration section */

/* Begin XCConfigurationList section */
		B4860A0A2A98F27A0008EFBE /* Build configuration list for PBXProject "AppStoreSearch" */ = {
			isa = XCConfigurationList;
			buildConfigurations = (
				B4860A1B2A98F27C0008EFBE /* Debug */,
				B4860A1C2A98F27C0008EFBE /* Release */,
			);
			defaultConfigurationIsVisible = 0;
			defaultConfigurationName = Release;
		};
		B4860A1D2A98F27C0008EFBE /* Build configuration list for PBXNativeTarget "AppStoreSearch" */ = {
			isa = XCConfigurationList;
			buildConfigurations = (
				B4860A1E2A98F27C0008EFBE /* Debug */,
				B4860A1F2A98F27C0008EFBE /* Release */,
			);
			defaultConfigurationIsVisible = 0;
			defaultConfigurationName = Release;
		};
		B4860AF22A98F3E10008EFBE /* Build configuration list for PBXNativeTarget "AppStoreSearchTests" */ = {
			isa = XCConfigurationList;
			buildConfigurations = (
				B4860AF32A98F3E10008EFBE /* Debug */,
				B4860AF42A98F3E10008EFBE /* Release */,
			);
			defaultConfigurationIsVisible = 0;
			defaultConfigurationName = Release;
		};
		B4860AFF2A98F4290008EFBE /* Build configuration list for PBXNativeTarget "NetworkTests" */ = {
			isa = XCConfigurationList;
			buildConfigurations = (
				B4860B002A98F4290008EFBE /* Debug */,
				B4860B012A98F4290008EFBE /* Release */,
			);
			defaultConfigurationIsVisible = 0;
			defaultConfigurationName = Release;
		};
/* End XCConfigurationList section */

/* Begin XCSwiftPackageProductDependency section */
		B4860AE62A98F3B40008EFBE /* Core */ = {
			isa = XCSwiftPackageProductDependency;
			productName = Core;
		};
/* End XCSwiftPackageProductDependency section */
	};
	rootObject = B4860A072A98F27A0008EFBE /* Project object */;
}
